hash: f34388a9c200ae8bc7545e14f796d014c2dbaae63966f922cad42c5f04274600
updated: 2016-05-11T22:23:08.821094468+06:00
imports:
- name: github.com/codahale/hdrhistogram
  version: f8ad88b59a584afeee9d334eff879b104439117b
- name: github.com/facebookgo/clock
  version: 600d898af40aa09a7a93ecb9265d87b0504b6f03
- name: github.com/facebookgo/httpdown
  version: a3b1354551a26449fbe05f5d855937f6e7acbd71
- name: github.com/facebookgo/stats
  version: 1b76add642e42c6ffba7211ad7b3939ce654526e
- name: github.com/jessevdk/go-flags
  version: 6b9493b3cb60367edd942144879646604089e3f7
- name: github.com/mailgun/log
  version: 2f35a4607f1abf71f97f77f99b0de8493ef6f4ef
- name: github.com/mailgun/multibuf
  version: 565402cd71fbd9c12aa7e295324ea357e970a61e
- name: github.com/mailgun/timetools
  version: fd192d755b00c968d312d23f521eb0cdc6f66bd0
- name: github.com/mailgun/ttlmap
  version: 16b258d86efc53ac5cf3e550604f566c32624fab
- name: github.com/pkg/errors
  version: 502e17a0cb34bd200593552492e458d89cf6a64f
- name: github.com/vulcand/oxy
  version: 11677428db34c4a05354d66d028174d0e3c6e905
  subpackages:
  - forward
  - memmetrics
  - testutils
  - utils
  - roundrobin
- name: github.com/vulcand/predicate
  version: cb0bff91a7ab7cf7571e661ff883fc997bc554a3
- name: gopkg.in/mgo.v2
  version: b6e2fa371e64216a45e61072a96d4e3859f169da
  subpackages:
  - bson
devImports: []
